version = 1
revision = 3
requires-python = ">=3.13"

[[package]]
name = "elementpath"
version = "5.1.1"
source = { registry = "https://pypi.org/simple" }
sdist = { url = "https://files.pythonhosted.org/packages/94/95/eeb61a2a917bf506d1402748e71c62399d8dcdd8cdccd64c81962832c260/elementpath-5.1.1.tar.gz", hash = "sha256:c4d1bd6aed987258354d0ea004d965eb0a6818213326bd4fd9bde5dacdb20277", size = 375378, upload-time = "2026-01-20T21:42:27.175Z" }
wheels = [
    { url = "https://files.pythonhosted.org/packages/14/5a/4ddfd9aeecdc75a78b5d85d882abc2b822115caae2c00a4d0eb23cc101fc/elementpath-5.1.1-py3-none-any.whl", hash = "sha256:57637359065e60654422d8474c1749b09bb21348012b7197f868027e3c09c9b9", size = 259962, upload-time = "2026-01-20T21:42:24.127Z" },
]

[[package]]
name = "ws63-svd"
version = "0.1.0"
source = { virtual = "." }
dependencies = [
    { name = "xmlschema" },
]

[package.metadata]
requires-dist = [{ name = "xmlschema", specifier = ">=4.3.1" }]

[[package]]
name = "xmlschema"
version = "4.3.1"
source = { registry = "https://pypi.org/simple" }
dependencies = [
    { name = "elementpath" },
]
sdist = { url = "https://files.pythonhosted.org/packages/da/c4/ef78a231be72349fd6677b989ff80e276ef62e28054c36c4fea3b4db9611/xmlschema-4.3.1.tar.gz", hash = "sha256:853effdfaf127849d4724368c17bd669e7f1486e15a0376404ad7954ec31a338", size = 646611, upload-time = "2026-01-17T23:01:04.422Z" }
wheels = [
    { url = "https://files.pythonhosted.org/packages/dd/7b/3471405875d0b5fac642e9a879b2c7db63642370799b2e9eea8297ffbad0/xmlschema-4.3.1-py3-none-any.whl", hash = "sha256:9560314d70ae87be0aecb8712cfebed636f867707ccf9758d4b0645d607f64b9", size = 469891, upload-time = "2026-01-17T23:01:00.39Z" },
]
